
Microsoft Visual Studio Solution File, Format Version 12.00
# Visual Studio Version 16
VisualStudioVersion = 16.0.31112.23
MinimumVisualStudioVersion = 10.0.40219.1
Project("{FAE04EC0-301F-11D3-BF4B-00C04F79EFBC}") = "Composition", "Composition\Composition.csproj", "{4E2034D7-6241-47A7-8612-E5BEC043C9D5}"
EndProject
Global
	GlobalSection(SolutionConfigurationPlatforms) = preSolution
		Debug|Any CPU = Debug|Any CPU
		Release|Any CPU = Release|Any CPU
	EndGlobalSection
	GlobalSection(ProjectConfigurationPlatforms) = postSolution
		{4E2034D7-6241-47A7-8612-E5BEC043C9D5}.Debug|Any CPU.ActiveCfg = Debug|Any CPU
		{4E2034D7-6241-47A7-8612-E5BEC043C9D5}.Debug|Any CPU.Build.0 = Debug|Any CPU
		{4E2034D7-6241-47A7-8612-E5BEC043C9D5}.Release|Any CPU.ActiveCfg = Release|Any CPU
		{4E2034D7-6241-47A7-8612-E5BEC043C9D5}.Release|Any CPU.Build.0 = Release|Any CPU
	EndGlobalSection
	GlobalSection(SolutionProperties) = preSolution
		HideSolutionNode = FALSE
	EndGlobalSection
	GlobalSection(ExtensibilityGlobals) = postSolution
		SolutionGuid = {5E9A3784-8517-4C3F-851F-E585C3A76354}
	EndGlobalSection
EndGlobal
